github.com/davecgh/go-spew v1.1.1 h1:vj9j/u1bqnvCEfJOwUhtlOARqs3+rkHYY13jYWTU97c=
github.com/davecgh/go-spew v1.1.1/go.mod h1:J7Y8YcW2NihsgmVo/mv3lAwl/skON4iLHjSsI+c5H38=
github.com/ebarkie/weatherlink v1.0.0 h1:iMJxBJRcC5UNDVGoNLjqFJUn3WZpA8gdw2ryUciDnFU=
github.com/ebarkie/weatherlink v1.0.0/go.mod h1:rK/HY1OjAN54ixV9LPQsMktU+6ubUWGOP75Niqd8F4E=
github.com/pkg/term v0.0.0-20180730021639-bffc007b7fd5/go.mod h1:eCbImbZ95eXtAUIbLAuAVnBnwf83mjf6QIVH8SHYwqQ=
github.com/pmezard/go-difflib v1.0.0 h1:4DBwDE0NGyQoBHbLQYPwSUPoCMWR5BEzIk/f1lZbAQM=
github.com/pmezard/go-difflib v1.0.0/go.mod h1:iKH77koFhYxTK1pcRnkKkqfTogsbg7gZNVY4sRDYZ/4=
github.com/stretchr/testify v1.2.2 h1:bSDNvY7ZPG5RlJ8otE/7V6gMiyenm9RtJ7IUVIAoJ1w=
github.com/stretchr/testify v1.2.2/go.mod h1:a8OnRcib4nhh0OaRAV+Yts87kKdq0PP7pXfy6kDkUVs=
golang.org/x/lint v0.0.0-20180702182130-06c8688daad7 h1:00BeQWmeaGazuOrq8Q5K5d3/cHaGuFrZzpaHBXfrsUA=
golang.org/x/lint v0.0.0-20180702182130-06c8688daad7/go.mod h1:UVdnD1Gm6xHRNCYTkRU2/jEulfH38KcIWyp/GAMgvoE=
golang.org/x/sys v0.0.0-20180824143301-4910a1d54f87/go.mod h1:STP8DvDyc/dI5b8T5hshtkjS+E42TnysNCUPdjciGhY=
golang.org/x/tools v0.0.0-20180826000951-f6ba57429505 h1:A7IWEQZw8yuHhjAcYjsnhC1/6KYEknVQYRVmhut3Gzk=
golang.org/x/tools v0.0.0-20180826000951-f6ba57429505/go.mod h1:n7NCudcB/nEzxVGmLbDWY5pfWTLqBcC2KZ6jyYvM4mQ=
